
Microsoft Visual Studio Solution File, Format Version 12.00
# Visual Studio Version 16
VisualStudioVersion = 16.0.32802.440
MinimumVisualStudioVersion = 10.0.40219.1
Project("{2150E333-8FDC-42A3-9474-1A3956D46DE8}") = "Exercicio 1", "Exercicio 1", "{683B0CA3-4C63-4997-BFC7-CCC8AAD6F359}"
EndProject
Project("{2150E333-8FDC-42A3-9474-1A3956D46DE8}") = "Exercicio 2", "Exercicio 2", "{A21191FA-5C25-4C72-AD1B-3B1962F101F5}"
EndProject
Project("{9A19103F-16F7-4668-BE54-9A1E7A4F7556}") = "ConsoleApp", "ConsoleApp\ConsoleApp.csproj", "{DBAC0371-D8BB-4640-861B-8D7F6E155B59}"
EndProject
Project("{9A19103F-16F7-4668-BE54-9A1E7A4F7556}") = "WebApp.Domain", "WebApp.Domain\WebApp.Domain.csproj", "{CBF680B1-5357-42B5-A8C3-21E4A5F69FA4}"
EndProject
Project("{9A19103F-16F7-4668-BE54-9A1E7A4F7556}") = "WebApp.Services", "WebApp.Services\WebApp.Services.csproj", "{FB4B899F-0BCF-4E34-8E81-7803D9ABA692}"
EndProject
Project("{9A19103F-16F7-4668-BE54-9A1E7A4F7556}") = "WebApp.Infrastructure.Data", "WebApp.Infrastructure\WebApp.Infrastructure.Data.csproj", "{EDF75547-0CD1-4A6C-B5A4-B1BCE8096CC5}"
EndProject
Project("{2150E333-8FDC-42A3-9474-1A3956D46DE8}") = "3.Data", "3.Data", "{BD6A2E68-B79C-4AAF-B978-811ABF6C8DFD}"
EndProject
Project("{2150E333-8FDC-42A3-9474-1A3956D46DE8}") = "1.Domain", "1.Domain", "{F19C90E3-9F6A-47D8-9825-8AC39EE4AF4B}"
EndProject
Project("{2150E333-8FDC-42A3-9474-1A3956D46DE8}") = "2.Services", "2.Services", "{8F8C8F71-1A57-4DD1-9B31-ECB5D207843E}"
EndProject
Project("{2150E333-8FDC-42A3-9474-1A3956D46DE8}") = "4.Application", "4.Application", "{9F845EA1-3E11-400B-9E69-7103EE268C13}"
EndProject
Project("{9A19103F-16F7-4668-BE54-9A1E7A4F7556}") = "WebApp.Infrasctructure.Repository", "WebApp.Infrasctructure.Repository\WebApp.Infrasctructure.Repository.csproj", "{BD37712C-4097-4B42-A939-32C82B0FDEB2}"
EndProject
Project("{9A19103F-16F7-4668-BE54-9A1E7A4F7556}") = "WebApp.Application.DTO", "WebApp.Application.DTO\WebApp.Application.DTO.csproj", "{DB7D999C-8CDD-4AB8-A06E-B769FA1382B1}"
EndProject
Project("{9A19103F-16F7-4668-BE54-9A1E7A4F7556}") = "WebApp.Application", "WebApp.Application\WebApp.Application.csproj", "{EBCBD6D1-8AD7-4E2A-B768-41810A390029}"
EndProject
Project("{2150E333-8FDC-42A3-9474-1A3956D46DE8}") = "3.1.CrossCutting", "3.1.CrossCutting", "{EB898E9E-852D-4C51-867E-75CFD6E58F09}"
EndProject
Project("{9A19103F-16F7-4668-BE54-9A1E7A4F7556}") = "WebApp.CrossCutting.Mapper", "WebApp.CrossCutting.Mapper\WebApp.CrossCutting.Mapper.csproj", "{B1EF73EF-6C75-49ED-991C-8443D23A965C}"
EndProject
Project("{2150E333-8FDC-42A3-9474-1A3956D46DE8}") = "0.Apresentation", "0.Apresentation", "{2AFC23C6-E032-491E-8551-E8A08B3A48CB}"
EndProject
Project("{9A19103F-16F7-4668-BE54-9A1E7A4F7556}") = "WebApp.ApplicationAPI", "WebApp.ApplicationAPI\WebApp.ApplicationAPI.csproj", "{43C5A616-270C-4E6E-A1A2-D654BD897C23}"
EndProject
Project("{9A19103F-16F7-4668-BE54-9A1E7A4F7556}") = "WebApp.ApplicationPresentation", "WebApp.ApplicationPresentation\WebApp.ApplicationPresentation.csproj", "{8805DCBB-9981-423C-B754-536DD99EBA09}"
EndProject
Global
	GlobalSection(SolutionConfigurationPlatforms) = preSolution
		Debug|Any CPU = Debug|Any CPU
		Release|Any CPU = Release|Any CPU
	EndGlobalSection
	GlobalSection(ProjectConfigurationPlatforms) = postSolution
		{DBAC0371-D8BB-4640-861B-8D7F6E155B59}.Debug|Any CPU.ActiveCfg = Debug|Any CPU
		{DBAC0371-D8BB-4640-861B-8D7F6E155B59}.Debug|Any CPU.Build.0 = Debug|Any CPU
		{DBAC0371-D8BB-4640-861B-8D7F6E155B59}.Release|Any CPU.ActiveCfg = Release|Any CPU
		{DBAC0371-D8BB-4640-861B-8D7F6E155B59}.Release|Any CPU.Build.0 = Release|Any CPU
		{CBF680B1-5357-42B5-A8C3-21E4A5F69FA4}.Debug|Any CPU.ActiveCfg = Debug|Any CPU
		{CBF680B1-5357-42B5-A8C3-21E4A5F69FA4}.Debug|Any CPU.Build.0 = Debug|Any CPU
		{CBF680B1-5357-42B5-A8C3-21E4A5F69FA4}.Release|Any CPU.ActiveCfg = Release|Any CPU
		{CBF680B1-5357-42B5-A8C3-21E4A5F69FA4}.Release|Any CPU.Build.0 = Release|Any CPU
		{FB4B899F-0BCF-4E34-8E81-7803D9ABA692}.Debug|Any CPU.ActiveCfg = Debug|Any CPU
		{FB4B899F-0BCF-4E34-8E81-7803D9ABA692}.Debug|Any CPU.Build.0 = Debug|Any CPU
		{FB4B899F-0BCF-4E34-8E81-7803D9ABA692}.Release|Any CPU.ActiveCfg = Release|Any CPU
		{FB4B899F-0BCF-4E34-8E81-7803D9ABA692}.Release|Any CPU.Build.0 = Release|Any CPU
		{EDF75547-0CD1-4A6C-B5A4-B1BCE8096CC5}.Debug|Any CPU.ActiveCfg = Debug|Any CPU
		{EDF75547-0CD1-4A6C-B5A4-B1BCE8096CC5}.Debug|Any CPU.Build.0 = Debug|Any CPU
		{EDF75547-0CD1-4A6C-B5A4-B1BCE8096CC5}.Release|Any CPU.ActiveCfg = Release|Any CPU
		{EDF75547-0CD1-4A6C-B5A4-B1BCE8096CC5}.Release|Any CPU.Build.0 = Release|Any CPU
		{BD37712C-4097-4B42-A939-32C82B0FDEB2}.Debug|Any CPU.ActiveCfg = Debug|Any CPU
		{BD37712C-4097-4B42-A939-32C82B0FDEB2}.Debug|Any CPU.Build.0 = Debug|Any CPU
		{BD37712C-4097-4B42-A939-32C82B0FDEB2}.Release|Any CPU.ActiveCfg = Release|Any CPU
		{BD37712C-4097-4B42-A939-32C82B0FDEB2}.Release|Any CPU.Build.0 = Release|Any CPU
		{DB7D999C-8CDD-4AB8-A06E-B769FA1382B1}.Debug|Any CPU.ActiveCfg = Debug|Any CPU
		{DB7D999C-8CDD-4AB8-A06E-B769FA1382B1}.Debug|Any CPU.Build.0 = Debug|Any CPU
		{DB7D999C-8CDD-4AB8-A06E-B769FA1382B1}.Release|Any CPU.ActiveCfg = Release|Any CPU
		{DB7D999C-8CDD-4AB8-A06E-B769FA1382B1}.Release|Any CPU.Build.0 = Release|Any CPU
		{EBCBD6D1-8AD7-4E2A-B768-41810A390029}.Debug|Any CPU.ActiveCfg = Debug|Any CPU
		{EBCBD6D1-8AD7-4E2A-B768-41810A390029}.Debug|Any CPU.Build.0 = Debug|Any CPU
		{EBCBD6D1-8AD7-4E2A-B768-41810A390029}.Release|Any CPU.ActiveCfg = Release|Any CPU
		{EBCBD6D1-8AD7-4E2A-B768-41810A390029}.Release|Any CPU.Build.0 = Release|Any CPU
		{B1EF73EF-6C75-49ED-991C-8443D23A965C}.Debug|Any CPU.ActiveCfg = Debug|Any CPU
		{B1EF73EF-6C75-49ED-991C-8443D23A965C}.Debug|Any CPU.Build.0 = Debug|Any CPU
		{B1EF73EF-6C75-49ED-991C-8443D23A965C}.Release|Any CPU.ActiveCfg = Release|Any CPU
		{B1EF73EF-6C75-49ED-991C-8443D23A965C}.Release|Any CPU.Build.0 = Release|Any CPU
		{43C5A616-270C-4E6E-A1A2-D654BD897C23}.Debug|Any CPU.ActiveCfg = Debug|Any CPU
		{43C5A616-270C-4E6E-A1A2-D654BD897C23}.Debug|Any CPU.Build.0 = Debug|Any CPU
		{43C5A616-270C-4E6E-A1A2-D654BD897C23}.Release|Any CPU.ActiveCfg = Release|Any CPU
		{43C5A616-270C-4E6E-A1A2-D654BD897C23}.Release|Any CPU.Build.0 = Release|Any CPU
		{8805DCBB-9981-423C-B754-536DD99EBA09}.Debug|Any CPU.ActiveCfg = Debug|Any CPU
		{8805DCBB-9981-423C-B754-536DD99EBA09}.Debug|Any CPU.Build.0 = Debug|Any CPU
		{8805DCBB-9981-423C-B754-536DD99EBA09}.Release|Any CPU.ActiveCfg = Release|Any CPU
		{8805DCBB-9981-423C-B754-536DD99EBA09}.Release|Any CPU.Build.0 = Release|Any CPU
	EndGlobalSection
	GlobalSection(SolutionProperties) = preSolution
		HideSolutionNode = FALSE
	EndGlobalSection
	GlobalSection(NestedProjects) = preSolution
		{DBAC0371-D8BB-4640-861B-8D7F6E155B59} = {683B0CA3-4C63-4997-BFC7-CCC8AAD6F359}
		{CBF680B1-5357-42B5-A8C3-21E4A5F69FA4} = {F19C90E3-9F6A-47D8-9825-8AC39EE4AF4B}
		{FB4B899F-0BCF-4E34-8E81-7803D9ABA692} = {8F8C8F71-1A57-4DD1-9B31-ECB5D207843E}
		{EDF75547-0CD1-4A6C-B5A4-B1BCE8096CC5} = {BD6A2E68-B79C-4AAF-B978-811ABF6C8DFD}
		{BD6A2E68-B79C-4AAF-B978-811ABF6C8DFD} = {A21191FA-5C25-4C72-AD1B-3B1962F101F5}
		{F19C90E3-9F6A-47D8-9825-8AC39EE4AF4B} = {A21191FA-5C25-4C72-AD1B-3B1962F101F5}
		{8F8C8F71-1A57-4DD1-9B31-ECB5D207843E} = {A21191FA-5C25-4C72-AD1B-3B1962F101F5}
		{9F845EA1-3E11-400B-9E69-7103EE268C13} = {A21191FA-5C25-4C72-AD1B-3B1962F101F5}
		{BD37712C-4097-4B42-A939-32C82B0FDEB2} = {BD6A2E68-B79C-4AAF-B978-811ABF6C8DFD}
		{DB7D999C-8CDD-4AB8-A06E-B769FA1382B1} = {9F845EA1-3E11-400B-9E69-7103EE268C13}
		{EBCBD6D1-8AD7-4E2A-B768-41810A390029} = {9F845EA1-3E11-400B-9E69-7103EE268C13}
		{EB898E9E-852D-4C51-867E-75CFD6E58F09} = {BD6A2E68-B79C-4AAF-B978-811ABF6C8DFD}
		{B1EF73EF-6C75-49ED-991C-8443D23A965C} = {EB898E9E-852D-4C51-867E-75CFD6E58F09}
		{2AFC23C6-E032-491E-8551-E8A08B3A48CB} = {A21191FA-5C25-4C72-AD1B-3B1962F101F5}
		{43C5A616-270C-4E6E-A1A2-D654BD897C23} = {2AFC23C6-E032-491E-8551-E8A08B3A48CB}
		{8805DCBB-9981-423C-B754-536DD99EBA09} = {2AFC23C6-E032-491E-8551-E8A08B3A48CB}
	EndGlobalSection
	GlobalSection(ExtensibilityGlobals) = postSolution
		SolutionGuid = {2DBA6690-0A4A-4DBB-9F80-C01DEB4219AB}
	EndGlobalSection
EndGlobal
